
Microsoft Visual Studio Solution File, Format Version 12.00
# Visual Studio Version 17
VisualStudioVersion = 17.2.32516.85
MinimumVisualStudioVersion = 10.0.40219.1
Project("{FAE04EC0-301F-11D3-BF4B-00C04F79EFBC}") = "Practica2_Laberinto_PilaYCola", "Practica2_Laberinto_PilaYCola.csproj", "{F2FE2235-FABB-468E-81A8-742AA0B8B958}"
EndProject
Global
	GlobalSection(SolutionConfigurationPlatforms) = preSolution
		Debug|Any CPU = Debug|Any CPU
		Release|Any CPU = Release|Any CPU
	EndGlobalSection
	GlobalSection(ProjectConfigurationPlatforms) = postSolution
		{F2FE2235-FABB-468E-81A8-742AA0B8B958}.Debug|Any CPU.ActiveCfg = Debug|Any CPU
		{F2FE2235-FABB-468E-81A8-742AA0B8B958}.Debug|Any CPU.Build.0 = Debug|Any CPU
		{F2FE2235-FABB-468E-81A8-742AA0B8B958}.Release|Any CPU.ActiveCfg = Release|Any CPU
		{F2FE2235-FABB-468E-81A8-742AA0B8B958}.Release|Any CPU.Build.0 = Release|Any CPU
	EndGlobalSection
	GlobalSection(SolutionProperties) = preSolution
		HideSolutionNode = FALSE
	EndGlobalSection
	GlobalSection(ExtensibilityGlobals) = postSolution
		SolutionGuid = {0A249123-3B4D-4D23-8948-D25287B20724}
	EndGlobalSection
EndGlobal
